
Microsoft Visual Studio Solution File, Format Version 12.00
# Visual Studio 15
VisualStudioVersion = 15.0.27130.2027
MinimumVisualStudioVersion = 10.0.40219.1
Project("{8BC9CEB8-8B4A-11D0-8D11-00A0C91BC942}") = "LOG1000TP5", "LOG1000TP5\LOG1000TP5.vcxproj", "{CD9521D3-7D18-4AE5-9572-811CBCA98236}"
EndProject
Global
	GlobalSection(SolutionConfigurationPlatforms) = preSolution
		Debug|x64 = Debug|x64
		Debug|x86 = Debug|x86
		Release|x64 = Release|x64
		Release|x86 = Release|x86
	EndGlobalSection
	GlobalSection(ProjectConfigurationPlatforms) = postSolution
		{CD9521D3-7D18-4AE5-9572-811CBCA98236}.Debug|x64.ActiveCfg = Debug|x64
		{CD9521D3-7D18-4AE5-9572-811CBCA98236}.Debug|x64.Build.0 = Debug|x64
		{CD9521D3-7D18-4AE5-9572-811CBCA98236}.Debug|x86.ActiveCfg = Debug|Win32
		{CD9521D3-7D18-4AE5-9572-811CBCA98236}.Debug|x86.Build.0 = Debug|Win32
		{CD9521D3-7D18-4AE5-9572-811CBCA98236}.Release|x64.ActiveCfg = Release|x64
		{CD9521D3-7D18-4AE5-9572-811CBCA98236}.Release|x64.Build.0 = Release|x64
		{CD9521D3-7D18-4AE5-9572-811CBCA98236}.Release|x86.ActiveCfg = Release|Win32
		{CD9521D3-7D18-4AE5-9572-811CBCA98236}.Release|x86.Build.0 = Release|Win32
	EndGlobalSection
	GlobalSection(SolutionProperties) = preSolution
		HideSolutionNode = FALSE
	EndGlobalSection
	GlobalSection(ExtensibilityGlobals) = postSolution
		SolutionGuid = {8FDBEE7E-1F56-44AA-881A-DD9C10F681BC}
	EndGlobalSection
EndGlobal
